
Microsoft Visual Studio Solution File, Format Version 12.00
# Visual Studio Version 16
VisualStudioVersion = 16.0.31424.327
MinimumVisualStudioVersion = 10.0.40219.1
Project("{FAE04EC0-301F-11D3-BF4B-00C04F79EFBC}") = "SampleAPI", "SampleAPI\SampleAPI.csproj", "{14E8FEEF-1261-4E41-B425-4F4014C4C62C}"
EndProject
Project("{FAE04EC0-301F-11D3-BF4B-00C04F79EFBC}") = "SamplePocos", "SamplePocos\SamplePocos.csproj", "{EB7F86EE-11C6-4FC3-B052-173454FAAC7E}"
EndProject
Project("{FAE04EC0-301F-11D3-BF4B-00C04F79EFBC}") = "SampleServices", "SampleServices\SampleServices.csproj", "{FCBA89E7-1811-49F3-B222-4381F430829C}"
EndProject
Global
	GlobalSection(SolutionConfigurationPlatforms) = preSolution
		Debug|Any CPU = Debug|Any CPU
		Release|Any CPU = Release|Any CPU
	EndGlobalSection
	GlobalSection(ProjectConfigurationPlatforms) = postSolution
		{14E8FEEF-1261-4E41-B425-4F4014C4C62C}.Debug|Any CPU.ActiveCfg = Debug|Any CPU
		{14E8FEEF-1261-4E41-B425-4F4014C4C62C}.Debug|Any CPU.Build.0 = Debug|Any CPU
		{14E8FEEF-1261-4E41-B425-4F4014C4C62C}.Release|Any CPU.ActiveCfg = Release|Any CPU
		{14E8FEEF-1261-4E41-B425-4F4014C4C62C}.Release|Any CPU.Build.0 = Release|Any CPU
		{EB7F86EE-11C6-4FC3-B052-173454FAAC7E}.Debug|Any CPU.ActiveCfg = Debug|Any CPU
		{EB7F86EE-11C6-4FC3-B052-173454FAAC7E}.Debug|Any CPU.Build.0 = Debug|Any CPU
		{EB7F86EE-11C6-4FC3-B052-173454FAAC7E}.Release|Any CPU.ActiveCfg = Release|Any CPU
		{EB7F86EE-11C6-4FC3-B052-173454FAAC7E}.Release|Any CPU.Build.0 = Release|Any CPU
		{FCBA89E7-1811-49F3-B222-4381F430829C}.Debug|Any CPU.ActiveCfg = Debug|Any CPU
		{FCBA89E7-1811-49F3-B222-4381F430829C}.Debug|Any CPU.Build.0 = Debug|Any CPU
		{FCBA89E7-1811-49F3-B222-4381F430829C}.Release|Any CPU.ActiveCfg = Release|Any CPU
		{FCBA89E7-1811-49F3-B222-4381F430829C}.Release|Any CPU.Build.0 = Release|Any CPU
	EndGlobalSection
	GlobalSection(SolutionProperties) = preSolution
		HideSolutionNode = FALSE
	EndGlobalSection
	GlobalSection(ExtensibilityGlobals) = postSolution
		SolutionGuid = {17ADA7BA-28D4-488F-9958-3BE393A155CC}
	EndGlobalSection
EndGlobal
